
Microsoft Visual Studio Solution File, Format Version 12.00
# Visual Studio Version 17
VisualStudioVersion = 17.2.32317.152
MinimumVisualStudioVersion = 10.0.40219.1
Project("{FAE04EC0-301F-11D3-BF4B-00C04F79EFBC}") = "Melior.InterviewQuestion", "Melior.InterviewQuestion\Melior.InterviewQuestion.csproj", "{E370928D-C4D9-4EDC-8AEC-684D4D4E8B6D}"
EndProject
Global
	GlobalSection(SolutionConfigurationPlatforms) = preSolution
		Debug|Any CPU = Debug|Any CPU
		Release|Any CPU = Release|Any CPU
	EndGlobalSection
	GlobalSection(ProjectConfigurationPlatforms) = postSolution
		{E370928D-C4D9-4EDC-8AEC-684D4D4E8B6D}.Debug|Any CPU.ActiveCfg = Debug|Any CPU
		{E370928D-C4D9-4EDC-8AEC-684D4D4E8B6D}.Debug|Any CPU.Build.0 = Debug|Any CPU
		{E370928D-C4D9-4EDC-8AEC-684D4D4E8B6D}.Release|Any CPU.ActiveCfg = Release|Any CPU
		{E370928D-C4D9-4EDC-8AEC-684D4D4E8B6D}.Release|Any CPU.Build.0 = Release|Any CPU
	EndGlobalSection
	GlobalSection(SolutionProperties) = preSolution
		HideSolutionNode = FALSE
	EndGlobalSection
	GlobalSection(ExtensibilityGlobals) = postSolution
		SolutionGuid = {E44C94B3-A1D5-4119-9F18-21F62DBF7645}
	EndGlobalSection
EndGlobal
